
Microsoft Visual Studio Solution File, Format Version 12.00
# Visual Studio 2012
Project("{FAE04EC0-301F-11D3-BF4B-00C04F79EFBC}") = "Example.Android", "Example.Android\Example.Android.csproj", "{ECEC74E9-0D3A-468C-80F8-384C229E086C}"
EndProject
Project("{FAE04EC0-301F-11D3-BF4B-00C04F79EFBC}") = "PixateFreestyle", "..\..\Source\Android\PixateFreestyle\PixateFreestyle.csproj", "{DB89C7E4-E939-4B8F-A395-CCC7D48A971A}"
EndProject
Global
	GlobalSection(SolutionConfigurationPlatforms) = preSolution
		Debug|Any CPU = Debug|Any CPU
		Release|Any CPU = Release|Any CPU
	EndGlobalSection
	GlobalSection(ProjectConfigurationPlatforms) = postSolution
		{DB89C7E4-E939-4B8F-A395-CCC7D48A971A}.Debug|Any CPU.ActiveCfg = Debug|Any CPU
		{DB89C7E4-E939-4B8F-A395-CCC7D48A971A}.Debug|Any CPU.Build.0 = Debug|Any CPU
		{DB89C7E4-E939-4B8F-A395-CCC7D48A971A}.Release|Any CPU.ActiveCfg = Release|Any CPU
		{DB89C7E4-E939-4B8F-A395-CCC7D48A971A}.Release|Any CPU.Build.0 = Release|Any CPU
		{ECEC74E9-0D3A-468C-80F8-384C229E086C}.Debug|Any CPU.ActiveCfg = Debug|Any CPU
		{ECEC74E9-0D3A-468C-80F8-384C229E086C}.Debug|Any CPU.Build.0 = Debug|Any CPU
		{ECEC74E9-0D3A-468C-80F8-384C229E086C}.Release|Any CPU.ActiveCfg = Release|Any CPU
		{ECEC74E9-0D3A-468C-80F8-384C229E086C}.Release|Any CPU.Build.0 = Release|Any CPU
	EndGlobalSection
	GlobalSection(MonoDevelopProperties) = preSolution
		StartupItem = Example.Android\Example.Android.csproj
	EndGlobalSection
EndGlobal
