
Microsoft Visual Studio Solution File, Format Version 11.00
# Visual Studio 2010
Project("{FAE04EC0-301F-11D3-BF4B-00C04F79EFBC}") = "Monotouch-Pixate", "Monotouch-Pixate.csproj", "{CF461122-564D-408A-81C7-28CDAD28CB31}"
EndProject
Project("{FAE04EC0-301F-11D3-BF4B-00C04F79EFBC}") = "HelloWorld", "..\Examples\HelloWorld\HelloWorld.csproj", "{FD428ECE-B2A8-4749-8013-1E1066FF9F26}"
EndProject
Global
	GlobalSection(SolutionConfigurationPlatforms) = preSolution
		Debug|Any CPU = Debug|Any CPU
		Release|Any CPU = Release|Any CPU
		Debug|iPhoneSimulator = Debug|iPhoneSimulator
		Release|iPhoneSimulator = Release|iPhoneSimulator
		Debug|iPhone = Debug|iPhone
		Release|iPhone = Release|iPhone
		Ad-Hoc|iPhone = Ad-Hoc|iPhone
		AppStore|iPhone = AppStore|iPhone
	EndGlobalSection
	GlobalSection(ProjectConfigurationPlatforms) = postSolution
		{CF461122-564D-408A-81C7-28CDAD28CB31}.Ad-Hoc|iPhone.ActiveCfg = Debug|Any CPU
		{CF461122-564D-408A-81C7-28CDAD28CB31}.Ad-Hoc|iPhone.Build.0 = Debug|Any CPU
		{CF461122-564D-408A-81C7-28CDAD28CB31}.AppStore|iPhone.ActiveCfg = Debug|Any CPU
		{CF461122-564D-408A-81C7-28CDAD28CB31}.AppStore|iPhone.Build.0 = Debug|Any CPU
		{CF461122-564D-408A-81C7-28CDAD28CB31}.Debug|Any CPU.ActiveCfg = Debug|Any CPU
		{CF461122-564D-408A-81C7-28CDAD28CB31}.Debug|Any CPU.Build.0 = Debug|Any CPU
		{CF461122-564D-408A-81C7-28CDAD28CB31}.Debug|iPhone.ActiveCfg = Debug|Any CPU
		{CF461122-564D-408A-81C7-28CDAD28CB31}.Debug|iPhone.Build.0 = Debug|Any CPU
		{CF461122-564D-408A-81C7-28CDAD28CB31}.Debug|iPhoneSimulator.ActiveCfg = Debug|Any CPU
		{CF461122-564D-408A-81C7-28CDAD28CB31}.Debug|iPhoneSimulator.Build.0 = Debug|Any CPU
		{CF461122-564D-408A-81C7-28CDAD28CB31}.Release|Any CPU.ActiveCfg = Release|Any CPU
		{CF461122-564D-408A-81C7-28CDAD28CB31}.Release|Any CPU.Build.0 = Release|Any CPU
		{CF461122-564D-408A-81C7-28CDAD28CB31}.Release|iPhone.ActiveCfg = Release|Any CPU
		{CF461122-564D-408A-81C7-28CDAD28CB31}.Release|iPhone.Build.0 = Release|Any CPU
		{CF461122-564D-408A-81C7-28CDAD28CB31}.Release|iPhoneSimulator.ActiveCfg = Release|Any CPU
		{CF461122-564D-408A-81C7-28CDAD28CB31}.Release|iPhoneSimulator.Build.0 = Release|Any CPU
		{FD428ECE-B2A8-4749-8013-1E1066FF9F26}.Ad-Hoc|iPhone.ActiveCfg = Ad-Hoc|iPhone
		{FD428ECE-B2A8-4749-8013-1E1066FF9F26}.Ad-Hoc|iPhone.Build.0 = Ad-Hoc|iPhone
		{FD428ECE-B2A8-4749-8013-1E1066FF9F26}.AppStore|iPhone.ActiveCfg = AppStore|iPhone
		{FD428ECE-B2A8-4749-8013-1E1066FF9F26}.AppStore|iPhone.Build.0 = AppStore|iPhone
		{FD428ECE-B2A8-4749-8013-1E1066FF9F26}.Debug|Any CPU.ActiveCfg = Debug|iPhoneSimulator
		{FD428ECE-B2A8-4749-8013-1E1066FF9F26}.Debug|Any CPU.Build.0 = Debug|iPhoneSimulator
		{FD428ECE-B2A8-4749-8013-1E1066FF9F26}.Debug|iPhone.ActiveCfg = Debug|iPhone
		{FD428ECE-B2A8-4749-8013-1E1066FF9F26}.Debug|iPhone.Build.0 = Debug|iPhone
		{FD428ECE-B2A8-4749-8013-1E1066FF9F26}.Debug|iPhoneSimulator.ActiveCfg = Debug|iPhoneSimulator
		{FD428ECE-B2A8-4749-8013-1E1066FF9F26}.Debug|iPhoneSimulator.Build.0 = Debug|iPhoneSimulator
		{FD428ECE-B2A8-4749-8013-1E1066FF9F26}.Release|Any CPU.ActiveCfg = Release|iPhoneSimulator
		{FD428ECE-B2A8-4749-8013-1E1066FF9F26}.Release|Any CPU.Build.0 = Release|iPhoneSimulator
		{FD428ECE-B2A8-4749-8013-1E1066FF9F26}.Release|iPhone.ActiveCfg = Release|iPhone
		{FD428ECE-B2A8-4749-8013-1E1066FF9F26}.Release|iPhone.Build.0 = Release|iPhone
		{FD428ECE-B2A8-4749-8013-1E1066FF9F26}.Release|iPhoneSimulator.ActiveCfg = Release|iPhoneSimulator
		{FD428ECE-B2A8-4749-8013-1E1066FF9F26}.Release|iPhoneSimulator.Build.0 = Release|iPhoneSimulator
	EndGlobalSection
	GlobalSection(MonoDevelopProperties) = preSolution
		StartupItem = ..\Examples\HelloWorld\HelloWorld.csproj
	EndGlobalSection
EndGlobal
